// !$*UTF8*$!
{
	archiveVersion = 1;
	classes = {
	};
	objectVersion = 46;
	objects = {

/* Begin PBXFileReference section */
		CB19C69D255D2A6900E41600 /* AppDelegate.swift */ = {isa = PBXFileReference; lastKnownFileType = sourcecode.swift; path = AppDelegate.swift; sourceTree = "<group>"; };
		CB19C69F255D2A6900E41600 /* ViewController.swift */ = {isa = PBXFileReference; lastKnownFileType = sourcecode.swift; path = ViewController.swift; sourceTree = "<group>"; };
		CB19C6A2255D2A6900E41600 /* Base */ = {isa = PBXFileReference; lastKnownFileType = file.storyboard; name = Base; path = Base.lproj/Main.storyboard; sourceTree = "<group>"; };
		CB19C6A4255D2A6900E41600 /* Assets.xcassets */ = {isa = PBXFileReference; lastKnownFileType = folder.assetcatalog; path = Assets.xcassets; sourceTree = "<group>"; };
		CB19C6A7255D2A6900E41600 /* Base */ = {isa = PBXFileReference; lastKnownFileType = file.storyboard; name = Base; path = Base.lproj/LaunchScreen.storyboard; sourceTree = "<group>"; };
		CB19C6A9255D2A6900E41600 /* Info.plist */ = {isa = PBXFileReference; lastKnownFileType = text.plist.xml; path = Info.plist; sourceTree = "<group>"; };
		CB19C6B2255D2A6A00E41600 /* chamcongTests.swift */ = {isa = PBXFileReference; lastKnownFileType = sourcecode.swift; path = chamcongTests.swift; sourceTree = "<group>"; };
		CB19C6B4255D2A6A00E41600 /* Info.plist */ = {isa = PBXFileReference; lastKnownFileType = text.plist.xml; path = Info.plist; sourceTree = "<group>"; };
		CB19C6BD255D2A6A00E41600 /* chamcongUITests.swift */ = {isa = PBXFileReference; lastKnownFileType = sourcecode.swift; path = chamcongUITests.swift; sourceTree = "<group>"; };
		CB19C6BF255D2A6A00E41600 /* Info.plist */ = {isa = PBXFileReference; lastKnownFileType = text.plist.xml; path = Info.plist; sourceTree = "<group>"; };
/* End PBXFileReference section */

/* Begin PBXGroup section */
		CB19C691255D2A6700E41600 = {
			isa = PBXGroup;
			children = (
				CB19C69C255D2A6900E41600 /* chamcong */,
				CB19C6B1255D2A6A00E41600 /* chamcongTests */,
				CB19C6BC255D2A6A00E41600 /* chamcongUITests */,
				CB19C69B255D2A6900E41600 /* Products */,
			);
			sourceTree = "<group>";
		};
		CB19C69B255D2A6900E41600 /* Products */ = {
			isa = PBXGroup;
			children = (
			);
			name = Products;
			sourceTree = "<group>";
		};
		CB19C69C255D2A6900E41600 /* chamcong */ = {
			isa = PBXGroup;
			children = (
				CB19C69D255D2A6900E41600 /* AppDelegate.swift */,
				CB19C69F255D2A6900E41600 /* ViewController.swift */,
				CB19C6A1255D2A6900E41600 /* Main.storyboard */,
				CB19C6A4255D2A6900E41600 /* Assets.xcassets */,
				CB19C6A6255D2A6900E41600 /* LaunchScreen.storyboard */,
				CB19C6A9255D2A6900E41600 /* Info.plist */,
			);
			path = chamcong;
			sourceTree = "<group>";
		};
		CB19C6B1255D2A6A00E41600 /* chamcongTests */ = {
			isa = PBXGroup;
			children = (
				CB19C6B2255D2A6A00E41600 /* chamcongTests.swift */,
				CB19C6B4255D2A6A00E41600 /* Info.plist */,
			);
			path = chamcongTests;
			sourceTree = "<group>";
		};
		CB19C6BC255D2A6A00E41600 /* chamcongUITests */ = {
			isa = PBXGroup;
			children = (
				CB19C6BD255D2A6A00E41600 /* chamcongUITests.swift */,
				CB19C6BF255D2A6A00E41600 /* Info.plist */,
			);
			path = chamcongUITests;
			sourceTree = "<group>";
		};
/* End PBXGroup section */

/* Begin PBXProject section */
		CB19C692255D2A6700E41600 /* Project object */ = {
			isa = PBXProject;
			attributes = {
				LastSwiftUpdateCheck = 0800;
				LastUpgradeCheck = 0800;
				ORGANIZATIONNAME = nguyen;
			};
			buildConfigurationList = CB19C695255D2A6800E41600 /* Build configuration list for PBXProject "TSG Chấm Công" */;
			compatibilityVersion = "Xcode 3.2";
			developmentRegion = English;
			hasScannedForEncodings = 0;
			knownRegions = (
				en,
				Base,
			);
			mainGroup = CB19C691255D2A6700E41600;
			productRefGroup = CB19C69B255D2A6900E41600 /* Products */;
			projectDirPath = "";
			projectRoot = "";
			targets = (
			);
		};
/* End PBXProject section */

/* Begin PBXVariantGroup section */
		CB19C6A1255D2A6900E41600 /* Main.storyboard */ = {
			isa = PBXVariantGroup;
			children = (
				CB19C6A2255D2A6900E41600 /* Base */,
			);
			name = Main.storyboard;
			sourceTree = "<group>";
		};
		CB19C6A6255D2A6900E41600 /* LaunchScreen.storyboard */ = {
			isa = PBXVariantGroup;
			children = (
				CB19C6A7255D2A6900E41600 /* Base */,
			);
			name = LaunchScreen.storyboard;
			sourceTree = "<group>";
		};
/* End PBXVariantGroup section */

/* Begin XCBuildConfiguration section */
		CB19C6C0255D2A6A00E41600 /* Debug */ = {
			isa = XCBuildConfiguration;
			buildSettings = {
				ALWAYS_SEARCH_USER_PATHS = NO;
				CLANG_ANALYZER_NONNULL = YES;
				CLANG_CXX_LANGUAGE_STANDARD = "gnu++0x";
				CLANG_CXX_LIBRARY = "libc++";
				CLANG_ENABLE_MODULES = YES;
				CLANG_ENABLE_OBJC_ARC = YES;
				CLANG_WARN_BOOL_CONVERSION = YES;
				CLANG_WARN_CONSTANT_CONVERSION = YES;
				CLANG_WARN_DIRECT_OBJC_ISA_USAGE = YES_ERROR;
				CLANG_WARN_DOCUMENTATION_COMMENTS = YES;
				CLANG_WARN_EMPTY_BODY = YES;
				CLANG_WARN_ENUM_CONVERSION = YES;
				CLANG_WARN_INFINITE_RECURSION = YES;
				CLANG_WARN_INT_CONVERSION = YES;
				CLANG_WARN_OBJC_ROOT_CLASS = YES_ERROR;
				CLANG_WARN_SUSPICIOUS_MOVES = YES;
				CLANG_WARN_UNREACHABLE_CODE = YES;
				CLANG_WARN__DUPLICATE_METHOD_MATCH = YES;
				"CODE_SIGN_IDENTITY[sdk=iphoneos*]" = "iPhone Developer";
				COPY_PHASE_STRIP = NO;
				DEBUG_INFORMATION_FORMAT = dwarf;
				ENABLE_STRICT_OBJC_MSGSEND = YES;
				ENABLE_TESTABILITY = YES;
				GCC_C_LANGUAGE_STANDARD = gnu99;
				GCC_DYNAMIC_NO_PIC = NO;
				GCC_NO_COMMON_BLOCKS = YES;
				GCC_OPTIMIZATION_LEVEL = 0;
				GCC_PREPROCESSOR_DEFINITIONS = (
					"DEBUG=1",
					"$(inherited)",
				);
				GCC_WARN_64_TO_32_BIT_CONVERSION = YES;
				GCC_WARN_ABOUT_RETURN_TYPE = YES_ERROR;
				GCC_WARN_UNDECLARED_SELECTOR = YES;
				GCC_WARN_UNINITIALIZED_AUTOS = YES_AGGRESSIVE;
				GCC_WARN_UNUSED_FUNCTION = YES;
				GCC_WARN_UNUSED_VARIABLE = YES;
				IPHONEOS_DEPLOYMENT_TARGET = 10.0;
				MTL_ENABLE_DEBUG_INFO = YES;
				ONLY_ACTIVE_ARCH = YES;
				SDKROOT = iphoneos;
				SWIFT_ACTIVE_COMPILATION_CONDITIONS = DEBUG;
				SWIFT_OPTIMIZATION_LEVEL = "-Onone";
				TARGETED_DEVICE_FAMILY = "1,2";
			};
			name = Debug;
		};
		CB19C6C1255D2A6A00E41600 /* Release */ = {
			isa = XCBuildConfiguration;
			buildSettings = {
				ALWAYS_SEARCH_USER_PATHS = NO;
				CLANG_ANALYZER_NONNULL = YES;
				CLANG_CXX_LANGUAGE_STANDARD = "gnu++0x";
				CLANG_CXX_LIBRARY = "libc++";
				CLANG_ENABLE_MODULES = YES;
				CLANG_ENABLE_OBJC_ARC = YES;
				CLANG_WARN_BOOL_CONVERSION = YES;
				CLANG_WARN_CONSTANT_CONVERSION = YES;
				CLANG_WARN_DIRECT_OBJC_ISA_USAGE = YES_ERROR;
				CLANG_WARN_DOCUMENTATION_COMMENTS = YES;
				CLANG_WARN_EMPTY_BODY = YES;
				CLANG_WARN_ENUM_CONVERSION = YES;
				CLANG_WARN_INFINITE_RECURSION = YES;
				CLANG_WARN_INT_CONVERSION = YES;
				CLANG_WARN_OBJC_ROOT_CLASS = YES_ERROR;
				CLANG_WARN_SUSPICIOUS_MOVES = YES;
				CLANG_WARN_UNREACHABLE_CODE = YES;
				CLANG_WARN__DUPLICATE_METHOD_MATCH = YES;
				"CODE_SIGN_IDENTITY[sdk=iphoneos*]" = "iPhone Developer";
				COPY_PHASE_STRIP = NO;
				DEBUG_INFORMATION_FORMAT = "dwarf-with-dsym";
				ENABLE_NS_ASSERTIONS = NO;
				ENABLE_STRICT_OBJC_MSGSEND = YES;
				GCC_C_LANGUAGE_STANDARD = gnu99;
				GCC_NO_COMMON_BLOCKS = YES;
				GCC_WARN_64_TO_32_BIT_CONVERSION = YES;
				GCC_WARN_ABOUT_RETURN_TYPE = YES_ERROR;
				GCC_WARN_UNDECLARED_SELECTOR = YES;
				GCC_WARN_UNINITIALIZED_AUTOS = YES_AGGRESSIVE;
				GCC_WARN_UNUSED_FUNCTION = YES;
				GCC_WARN_UNUSED_VARIABLE = YES;
				IPHONEOS_DEPLOYMENT_TARGET = 10.0;
				MTL_ENABLE_DEBUG_INFO = NO;
				SDKROOT = iphoneos;
				SWIFT_OPTIMIZATION_LEVEL = "-Owholemodule";
				TARGETED_DEVICE_FAMILY = "1,2";
				VALIDATE_PRODUCT = YES;
			};
			name = Release;
		};
/* End XCBuildConfiguration section */

/* Begin XCConfigurationList section */
		CB19C695255D2A6800E41600 /* Build configuration list for PBXProject "TSG Chấm Công" */ = {
			isa = XCConfigurationList;
			buildConfigurations = (
				CB19C6C0255D2A6A00E41600 /* Debug */,
				CB19C6C1255D2A6A00E41600 /* Release */,
			);
			defaultConfigurationIsVisible = 0;
			defaultConfigurationName = Release;
		};
/* End XCConfigurationList section */
	};
	rootObject = CB19C692255D2A6700E41600 /* Project object */;
}
